
Microsoft Visual Studio Solution File, Format Version 12.00
# Visual Studio Version 16
VisualStudioVersion = 16.0.31402.337
MinimumVisualStudioVersion = 10.0.40219.1
Project("{FAE04EC0-301F-11D3-BF4B-00C04F79EFBC}") = "Pratice 建構程序", "Pratice 建構程序\Pratice 建構程序.csproj", "{94777CE1-1C58-4507-9260-79BB205B2733}"
EndProject
Global
	GlobalSection(SolutionConfigurationPlatforms) = preSolution
		Debug|Any CPU = Debug|Any CPU
		Release|Any CPU = Release|Any CPU
	EndGlobalSection
	GlobalSection(ProjectConfigurationPlatforms) = postSolution
		{94777CE1-1C58-4507-9260-79BB205B2733}.Debug|Any CPU.ActiveCfg = Debug|Any CPU
		{94777CE1-1C58-4507-9260-79BB205B2733}.Debug|Any CPU.Build.0 = Debug|Any CPU
		{94777CE1-1C58-4507-9260-79BB205B2733}.Release|Any CPU.ActiveCfg = Release|Any CPU
		{94777CE1-1C58-4507-9260-79BB205B2733}.Release|Any CPU.Build.0 = Release|Any CPU
	EndGlobalSection
	GlobalSection(SolutionProperties) = preSolution
		HideSolutionNode = FALSE
	EndGlobalSection
	GlobalSection(ExtensibilityGlobals) = postSolution
		SolutionGuid = {237F19A2-A022-4A04-B25D-51679DA7353E}
	EndGlobalSection
EndGlobal
