
Microsoft Visual Studio Solution File, Format Version 12.00
# Visual Studio Version 16
VisualStudioVersion = 16.0.31229.75
MinimumVisualStudioVersion = 10.0.40219.1
Project("{FAE04EC0-301F-11D3-BF4B-00C04F79EFBC}") = "ConsoleApp1", "ConsoleApp1\ConsoleApp1.csproj", "{2E95BCAA-AD68-493E-B882-4295867CDA0C}"
EndProject
Project("{FAE04EC0-301F-11D3-BF4B-00C04F79EFBC}") = "ConsoleApp2", "ConsoleApp2\ConsoleApp2.csproj", "{C73A1F22-B52F-4AC4-AC5C-2768AD7F980A}"
EndProject
Project("{FAE04EC0-301F-11D3-BF4B-00C04F79EFBC}") = "ConsoleApp3", "ConsoleApp3\ConsoleApp3.csproj", "{76B1B9EB-0B29-46E0-AADC-1178BD547449}"
EndProject
Project("{FAE04EC0-301F-11D3-BF4B-00C04F79EFBC}") = "A and B", "A and B\A and B.csproj", "{D8C4CBC6-81DE-45B8-A5C3-5BB40CBA8D35}"
EndProject
Global
	GlobalSection(SolutionConfigurationPlatforms) = preSolution
		Debug|Any CPU = Debug|Any CPU
		Release|Any CPU = Release|Any CPU
	EndGlobalSection
	GlobalSection(ProjectConfigurationPlatforms) = postSolution
		{2E95BCAA-AD68-493E-B882-4295867CDA0C}.Debug|Any CPU.ActiveCfg = Debug|Any CPU
		{2E95BCAA-AD68-493E-B882-4295867CDA0C}.Debug|Any CPU.Build.0 = Debug|Any CPU
		{2E95BCAA-AD68-493E-B882-4295867CDA0C}.Release|Any CPU.ActiveCfg = Release|Any CPU
		{2E95BCAA-AD68-493E-B882-4295867CDA0C}.Release|Any CPU.Build.0 = Release|Any CPU
		{C73A1F22-B52F-4AC4-AC5C-2768AD7F980A}.Debug|Any CPU.ActiveCfg = Debug|Any CPU
		{C73A1F22-B52F-4AC4-AC5C-2768AD7F980A}.Debug|Any CPU.Build.0 = Debug|Any CPU
		{C73A1F22-B52F-4AC4-AC5C-2768AD7F980A}.Release|Any CPU.ActiveCfg = Release|Any CPU
		{C73A1F22-B52F-4AC4-AC5C-2768AD7F980A}.Release|Any CPU.Build.0 = Release|Any CPU
		{76B1B9EB-0B29-46E0-AADC-1178BD547449}.Debug|Any CPU.ActiveCfg = Debug|Any CPU
		{76B1B9EB-0B29-46E0-AADC-1178BD547449}.Debug|Any CPU.Build.0 = Debug|Any CPU
		{76B1B9EB-0B29-46E0-AADC-1178BD547449}.Release|Any CPU.ActiveCfg = Release|Any CPU
		{76B1B9EB-0B29-46E0-AADC-1178BD547449}.Release|Any CPU.Build.0 = Release|Any CPU
		{D8C4CBC6-81DE-45B8-A5C3-5BB40CBA8D35}.Debug|Any CPU.ActiveCfg = Debug|Any CPU
		{D8C4CBC6-81DE-45B8-A5C3-5BB40CBA8D35}.Debug|Any CPU.Build.0 = Debug|Any CPU
		{D8C4CBC6-81DE-45B8-A5C3-5BB40CBA8D35}.Release|Any CPU.ActiveCfg = Release|Any CPU
		{D8C4CBC6-81DE-45B8-A5C3-5BB40CBA8D35}.Release|Any CPU.Build.0 = Release|Any CPU
	EndGlobalSection
	GlobalSection(SolutionProperties) = preSolution
		HideSolutionNode = FALSE
	EndGlobalSection
	GlobalSection(ExtensibilityGlobals) = postSolution
		SolutionGuid = {B25FD597-3160-4CDC-B466-2B1CCBB6930E}
	EndGlobalSection
EndGlobal
