
Microsoft Visual Studio Solution File, Format Version 12.00
# Visual Studio Version 16
VisualStudioVersion = 16.0.31402.337
MinimumVisualStudioVersion = 10.0.40219.1
Project("{FAE04EC0-301F-11D3-BF4B-00C04F79EFBC}") = "存取修飾", "存取修飾\存取修飾.csproj", "{854F6A15-6B87-4151-A97A-2081FF027963}"
EndProject
Global
	GlobalSection(SolutionConfigurationPlatforms) = preSolution
		Debug|Any CPU = Debug|Any CPU
		Release|Any CPU = Release|Any CPU
	EndGlobalSection
	GlobalSection(ProjectConfigurationPlatforms) = postSolution
		{854F6A15-6B87-4151-A97A-2081FF027963}.Debug|Any CPU.ActiveCfg = Debug|Any CPU
		{854F6A15-6B87-4151-A97A-2081FF027963}.Debug|Any CPU.Build.0 = Debug|Any CPU
		{854F6A15-6B87-4151-A97A-2081FF027963}.Release|Any CPU.ActiveCfg = Release|Any CPU
		{854F6A15-6B87-4151-A97A-2081FF027963}.Release|Any CPU.Build.0 = Release|Any CPU
	EndGlobalSection
	GlobalSection(SolutionProperties) = preSolution
		HideSolutionNode = FALSE
	EndGlobalSection
	GlobalSection(ExtensibilityGlobals) = postSolution
		SolutionGuid = {F7CEF1D4-64BC-49B1-B31A-6E132960385D}
	EndGlobalSection
EndGlobal
