
Microsoft Visual Studio Solution File, Format Version 12.00
# Visual Studio Version 16
VisualStudioVersion = 16.0.31313.79
MinimumVisualStudioVersion = 10.0.40219.1
Project("{FAE04EC0-301F-11D3-BF4B-00C04F79EFBC}") = "Pratice0520", "Pratice0520\Pratice0520.csproj", "{C2DEC536-B15F-4243-A9B8-420C65CD38B3}"
EndProject
Global
	GlobalSection(SolutionConfigurationPlatforms) = preSolution
		Debug|Any CPU = Debug|Any CPU
		Release|Any CPU = Release|Any CPU
	EndGlobalSection
	GlobalSection(ProjectConfigurationPlatforms) = postSolution
		{C2DEC536-B15F-4243-A9B8-420C65CD38B3}.Debug|Any CPU.ActiveCfg = Debug|Any CPU
		{C2DEC536-B15F-4243-A9B8-420C65CD38B3}.Debug|Any CPU.Build.0 = Debug|Any CPU
		{C2DEC536-B15F-4243-A9B8-420C65CD38B3}.Release|Any CPU.ActiveCfg = Release|Any CPU
		{C2DEC536-B15F-4243-A9B8-420C65CD38B3}.Release|Any CPU.Build.0 = Release|Any CPU
	EndGlobalSection
	GlobalSection(SolutionProperties) = preSolution
		HideSolutionNode = FALSE
	EndGlobalSection
	GlobalSection(ExtensibilityGlobals) = postSolution
		SolutionGuid = {75818E36-F211-4005-A6F1-27AC2299498A}
	EndGlobalSection
EndGlobal
