
Microsoft Visual Studio Solution File, Format Version 12.00
# Visual Studio Version 16
VisualStudioVersion = 16.0.31321.278
MinimumVisualStudioVersion = 10.0.40219.1
Project("{FAE04EC0-301F-11D3-BF4B-00C04F79EFBC}") = "Lab0604_EDM_MultiUser", "Lab0604_EDM_MultiUser\Lab0604_EDM_MultiUser.csproj", "{D74BA6A0-B8DD-4724-8FEE-7EF9AE23E853}"
EndProject
Global
	GlobalSection(SolutionConfigurationPlatforms) = preSolution
		Debug|Any CPU = Debug|Any CPU
		Release|Any CPU = Release|Any CPU
	EndGlobalSection
	GlobalSection(ProjectConfigurationPlatforms) = postSolution
		{D74BA6A0-B8DD-4724-8FEE-7EF9AE23E853}.Debug|Any CPU.ActiveCfg = Debug|Any CPU
		{D74BA6A0-B8DD-4724-8FEE-7EF9AE23E853}.Debug|Any CPU.Build.0 = Debug|Any CPU
		{D74BA6A0-B8DD-4724-8FEE-7EF9AE23E853}.Release|Any CPU.ActiveCfg = Release|Any CPU
		{D74BA6A0-B8DD-4724-8FEE-7EF9AE23E853}.Release|Any CPU.Build.0 = Release|Any CPU
	EndGlobalSection
	GlobalSection(SolutionProperties) = preSolution
		HideSolutionNode = FALSE
	EndGlobalSection
	GlobalSection(ExtensibilityGlobals) = postSolution
		SolutionGuid = {5866F257-9C88-4A1C-B541-1655BE7EB84E}
	EndGlobalSection
EndGlobal
