
Microsoft Visual Studio Solution File, Format Version 12.00
# Visual Studio Version 16
VisualStudioVersion = 16.0.31321.278
MinimumVisualStudioVersion = 10.0.40219.1
Project("{FAE04EC0-301F-11D3-BF4B-00C04F79EFBC}") = "Lab0603", "Lab0603\Lab0603.csproj", "{28C2CBBD-480B-4579-970B-E11765EC6659}"
EndProject
Project("{FAE04EC0-301F-11D3-BF4B-00C04F79EFBC}") = "Lab0603_EDM", "Lab0603_EDM\Lab0603_EDM.csproj", "{B7209DB8-FAFB-40D3-A20E-B6B140B90705}"
EndProject
Project("{FAE04EC0-301F-11D3-BF4B-00C04F79EFBC}") = "Lab0603_Lambda", "Lab0603_Lambda\Lab0603_Lambda.csproj", "{A9378DF5-76F3-4CC1-A78B-BCA6F5E06D55}"
EndProject
Global
	GlobalSection(SolutionConfigurationPlatforms) = preSolution
		Debug|Any CPU = Debug|Any CPU
		Release|Any CPU = Release|Any CPU
	EndGlobalSection
	GlobalSection(ProjectConfigurationPlatforms) = postSolution
		{28C2CBBD-480B-4579-970B-E11765EC6659}.Debug|Any CPU.ActiveCfg = Debug|Any CPU
		{28C2CBBD-480B-4579-970B-E11765EC6659}.Debug|Any CPU.Build.0 = Debug|Any CPU
		{28C2CBBD-480B-4579-970B-E11765EC6659}.Release|Any CPU.ActiveCfg = Release|Any CPU
		{28C2CBBD-480B-4579-970B-E11765EC6659}.Release|Any CPU.Build.0 = Release|Any CPU
		{B7209DB8-FAFB-40D3-A20E-B6B140B90705}.Debug|Any CPU.ActiveCfg = Debug|Any CPU
		{B7209DB8-FAFB-40D3-A20E-B6B140B90705}.Debug|Any CPU.Build.0 = Debug|Any CPU
		{B7209DB8-FAFB-40D3-A20E-B6B140B90705}.Release|Any CPU.ActiveCfg = Release|Any CPU
		{B7209DB8-FAFB-40D3-A20E-B6B140B90705}.Release|Any CPU.Build.0 = Release|Any CPU
		{A9378DF5-76F3-4CC1-A78B-BCA6F5E06D55}.Debug|Any CPU.ActiveCfg = Debug|Any CPU
		{A9378DF5-76F3-4CC1-A78B-BCA6F5E06D55}.Debug|Any CPU.Build.0 = Debug|Any CPU
		{A9378DF5-76F3-4CC1-A78B-BCA6F5E06D55}.Release|Any CPU.ActiveCfg = Release|Any CPU
		{A9378DF5-76F3-4CC1-A78B-BCA6F5E06D55}.Release|Any CPU.Build.0 = Release|Any CPU
	EndGlobalSection
	GlobalSection(SolutionProperties) = preSolution
		HideSolutionNode = FALSE
	EndGlobalSection
	GlobalSection(ExtensibilityGlobals) = postSolution
		SolutionGuid = {DF073B7C-3B41-4DE0-986B-04F2994F5FB3}
	EndGlobalSection
EndGlobal
